
Microsoft Visual Studio Solution File, Format Version 12.00
# Visual Studio Version 17
VisualStudioVersion = 17.0.31903.59
MinimumVisualStudioVersion = 10.0.40219.1
Project("{2150E333-8FDC-42A3-9474-1A3956D46DE8}") = "src", "src", "{827E0CD3-B72D-47B6-A68D-7590B98EB39B}"
EndProject
Project("{2150E333-8FDC-42A3-9474-1A3956D46DE8}") = "Shared", "Shared", "{C8E42992-5E42-0C2B-DBFE-AA848D06431C}"
EndProject
Project("{2150E333-8FDC-42A3-9474-1A3956D46DE8}") = "Common", "Common", "{C60DADFC-BA76-97CB-56E5-97564EB3375B}"
EndProject
Project("{FAE04EC0-301F-11D3-BF4B-00C04F79EFBC}") = "Mono.Shared.Common", "src\Shared\Common\Mono.Shared.Common.csproj", "{B4AEE1F2-B765-4254-9280-A39316EF52DC}"
EndProject
Project("{2150E333-8FDC-42A3-9474-1A3956D46DE8}") = "Kernel", "Kernel", "{395550EB-BC2E-5DA5-C7D4-BB130739CB00}"
EndProject
Project("{FAE04EC0-301F-11D3-BF4B-00C04F79EFBC}") = "Mono.Shared.Kernel", "src\Shared\Kernel\Mono.Shared.Kernel.csproj", "{E8983437-E5F2-4398-86DF-A101ADDCB4CF}"
EndProject
Project("{2150E333-8FDC-42A3-9474-1A3956D46DE8}") = "Modules", "Modules", "{EC447DCF-ABFA-6E24-52A5-D7FD48A5C558}"
EndProject
Project("{2150E333-8FDC-42A3-9474-1A3956D46DE8}") = "Auth", "Auth", "{E9D55F35-C373-3DD8-6914-3213F2F582A2}"
EndProject
Project("{FAE04EC0-301F-11D3-BF4B-00C04F79EFBC}") = "Mono.Auth", "src\Modules\Auth\Mono.Modules.Auth.csproj", "{CE85781F-1FC3-48FE-8579-8EE7EBB6F243}"
EndProject
Global
	GlobalSection(SolutionConfigurationPlatforms) = preSolution
		Debug|Any CPU = Debug|Any CPU
		Debug|x64 = Debug|x64
		Debug|x86 = Debug|x86
		Release|Any CPU = Release|Any CPU
		Release|x64 = Release|x64
		Release|x86 = Release|x86
	EndGlobalSection
	GlobalSection(ProjectConfigurationPlatforms) = postSolution
		{B4AEE1F2-B765-4254-9280-A39316EF52DC}.Debug|Any CPU.ActiveCfg = Debug|Any CPU
		{B4AEE1F2-B765-4254-9280-A39316EF52DC}.Debug|Any CPU.Build.0 = Debug|Any CPU
		{B4AEE1F2-B765-4254-9280-A39316EF52DC}.Debug|x64.ActiveCfg = Debug|Any CPU
		{B4AEE1F2-B765-4254-9280-A39316EF52DC}.Debug|x64.Build.0 = Debug|Any CPU
		{B4AEE1F2-B765-4254-9280-A39316EF52DC}.Debug|x86.ActiveCfg = Debug|Any CPU
		{B4AEE1F2-B765-4254-9280-A39316EF52DC}.Debug|x86.Build.0 = Debug|Any CPU
		{B4AEE1F2-B765-4254-9280-A39316EF52DC}.Release|Any CPU.ActiveCfg = Release|Any CPU
		{B4AEE1F2-B765-4254-9280-A39316EF52DC}.Release|Any CPU.Build.0 = Release|Any CPU
		{B4AEE1F2-B765-4254-9280-A39316EF52DC}.Release|x64.ActiveCfg = Release|Any CPU
		{B4AEE1F2-B765-4254-9280-A39316EF52DC}.Release|x64.Build.0 = Release|Any CPU
		{B4AEE1F2-B765-4254-9280-A39316EF52DC}.Release|x86.ActiveCfg = Release|Any CPU
		{B4AEE1F2-B765-4254-9280-A39316EF52DC}.Release|x86.Build.0 = Release|Any CPU
		{E8983437-E5F2-4398-86DF-A101ADDCB4CF}.Debug|Any CPU.ActiveCfg = Debug|Any CPU
		{E8983437-E5F2-4398-86DF-A101ADDCB4CF}.Debug|Any CPU.Build.0 = Debug|Any CPU
		{E8983437-E5F2-4398-86DF-A101ADDCB4CF}.Debug|x64.ActiveCfg = Debug|Any CPU
		{E8983437-E5F2-4398-86DF-A101ADDCB4CF}.Debug|x64.Build.0 = Debug|Any CPU
		{E8983437-E5F2-4398-86DF-A101ADDCB4CF}.Debug|x86.ActiveCfg = Debug|Any CPU
		{E8983437-E5F2-4398-86DF-A101ADDCB4CF}.Debug|x86.Build.0 = Debug|Any CPU
		{E8983437-E5F2-4398-86DF-A101ADDCB4CF}.Release|Any CPU.ActiveCfg = Release|Any CPU
		{E8983437-E5F2-4398-86DF-A101ADDCB4CF}.Release|Any CPU.Build.0 = Release|Any CPU
		{E8983437-E5F2-4398-86DF-A101ADDCB4CF}.Release|x64.ActiveCfg = Release|Any CPU
		{E8983437-E5F2-4398-86DF-A101ADDCB4CF}.Release|x64.Build.0 = Release|Any CPU
		{E8983437-E5F2-4398-86DF-A101ADDCB4CF}.Release|x86.ActiveCfg = Release|Any CPU
		{E8983437-E5F2-4398-86DF-A101ADDCB4CF}.Release|x86.Build.0 = Release|Any CPU
		{CE85781F-1FC3-48FE-8579-8EE7EBB6F243}.Debug|Any CPU.ActiveCfg = Debug|Any CPU
		{CE85781F-1FC3-48FE-8579-8EE7EBB6F243}.Debug|Any CPU.Build.0 = Debug|Any CPU
		{CE85781F-1FC3-48FE-8579-8EE7EBB6F243}.Debug|x64.ActiveCfg = Debug|Any CPU
		{CE85781F-1FC3-48FE-8579-8EE7EBB6F243}.Debug|x64.Build.0 = Debug|Any CPU
		{CE85781F-1FC3-48FE-8579-8EE7EBB6F243}.Debug|x86.ActiveCfg = Debug|Any CPU
		{CE85781F-1FC3-48FE-8579-8EE7EBB6F243}.Debug|x86.Build.0 = Debug|Any CPU
		{CE85781F-1FC3-48FE-8579-8EE7EBB6F243}.Release|Any CPU.ActiveCfg = Release|Any CPU
		{CE85781F-1FC3-48FE-8579-8EE7EBB6F243}.Release|Any CPU.Build.0 = Release|Any CPU
		{CE85781F-1FC3-48FE-8579-8EE7EBB6F243}.Release|x64.ActiveCfg = Release|Any CPU
		{CE85781F-1FC3-48FE-8579-8EE7EBB6F243}.Release|x64.Build.0 = Release|Any CPU
		{CE85781F-1FC3-48FE-8579-8EE7EBB6F243}.Release|x86.ActiveCfg = Release|Any CPU
		{CE85781F-1FC3-48FE-8579-8EE7EBB6F243}.Release|x86.Build.0 = Release|Any CPU
	EndGlobalSection
	GlobalSection(SolutionProperties) = preSolution
		HideSolutionNode = FALSE
	EndGlobalSection
	GlobalSection(NestedProjects) = preSolution
		{C8E42992-5E42-0C2B-DBFE-AA848D06431C} = {827E0CD3-B72D-47B6-A68D-7590B98EB39B}
		{C60DADFC-BA76-97CB-56E5-97564EB3375B} = {C8E42992-5E42-0C2B-DBFE-AA848D06431C}
		{B4AEE1F2-B765-4254-9280-A39316EF52DC} = {C60DADFC-BA76-97CB-56E5-97564EB3375B}
		{395550EB-BC2E-5DA5-C7D4-BB130739CB00} = {C8E42992-5E42-0C2B-DBFE-AA848D06431C}
		{E8983437-E5F2-4398-86DF-A101ADDCB4CF} = {395550EB-BC2E-5DA5-C7D4-BB130739CB00}
		{EC447DCF-ABFA-6E24-52A5-D7FD48A5C558} = {827E0CD3-B72D-47B6-A68D-7590B98EB39B}
		{E9D55F35-C373-3DD8-6914-3213F2F582A2} = {EC447DCF-ABFA-6E24-52A5-D7FD48A5C558}
		{CE85781F-1FC3-48FE-8579-8EE7EBB6F243} = {E9D55F35-C373-3DD8-6914-3213F2F582A2}
	EndGlobalSection
EndGlobal
